// !$*UTF8*$!
{
	archiveVersion = 1;
	classes = {
	};
	objectVersion = 50;
	objects = {

/* Begin PBXBuildFile section */
		54B05D1E245F2DDD00885711 /* Data.framework in Frameworks */ = {isa = PBXBuildFile; fileRef = 54B05D14245F2DDD00885711 /* Data.framework */; };
		54B05D23245F2DDD00885711 /* DataTests.swift in Sources */ = {isa = PBXBuildFile; fileRef = 54B05D22245F2DDD00885711 /* DataTests.swift */; };
		54B05D25245F2DDD00885711 /* Data.h in Headers */ = {isa = PBXBuildFile; fileRef = 54B05D17245F2DDD00885711 /* Data.h */; settings = {ATTRIBUTES = (Public, ); }; };
		54BF1047247BE2220034082E /* FeedRepository.swift in Sources */ = {isa = PBXBuildFile; fileRef = 54BF1046247BE2220034082E /* FeedRepository.swift */; };
		54BF104E247BE2950034082E /* BaseResponse.swift in Sources */ = {isa = PBXBuildFile; fileRef = 54BF1049247BE2950034082E /* BaseResponse.swift */; };
		54BF104F247BE2950034082E /* ShelfListReponse.swift in Sources */ = {isa = PBXBuildFile; fileRef = 54BF104B247BE2950034082E /* ShelfListReponse.swift */; };
		54BF1050247BE2950034082E /* ContentListReponse.swift in Sources */ = {isa = PBXBuildFile; fileRef = 54BF104C247BE2950034082E /* ContentListReponse.swift */; };
		54BF1051247BE2950034082E /* ContentPlayListResponse.swift in Sources */ = {isa = PBXBuildFile; fileRef = 54BF104D247BE2950034082E /* ContentPlayListResponse.swift */; };
		54BF1055247BE4360034082E /* FeedAPI.swift in Sources */ = {isa = PBXBuildFile; fileRef = 54BF1054247BE4360034082E /* FeedAPI.swift */; };
		54BF1058247BE5150034082E /* BaseAPI.swift in Sources */ = {isa = PBXBuildFile; fileRef = 54BF1057247BE5150034082E /* BaseAPI.swift */; };
		54BF105B247BE5210034082E /* ShelfListRequest.swift in Sources */ = {isa = PBXBuildFile; fileRef = 54BF105A247BE5210034082E /* ShelfListRequest.swift */; };
		54BF105E247BE7B10034082E /* UpdateContetViewerUseCase.swift in Sources */ = {isa = PBXBuildFile; fileRef = 54BF105D247BE7B10034082E /* UpdateContetViewerUseCase.swift */; };
		B5CE8A09948FD4B81B448948 /* Pods_Data.framework in Frameworks */ = {isa = PBXBuildFile; fileRef = 8D976EB1FE559FA0AF1C9302 /* Pods_Data.framework */; };
/* End PBXBuildFile section */

/* Begin PBXContainerItemProxy section */
		54B05D1F245F2DDD00885711 /* PBXContainerItemProxy */ = {
			isa = PBXContainerItemProxy;
			containerPortal = 54B05D0B245F2DDD00885711 /* Project object */;
			proxyType = 1;
			remoteGlobalIDString = 54B05D13245F2DDD00885711;
			remoteInfo = Data;
		};
/* End PBXContainerItemProxy section */

/* Begin PBXFileReference section */
		33A242DB706B624C3D45CBC8 /* Pods-Data.release.xcconfig */ = {isa = PBXFileReference; includeInIndex = 1; lastKnownFileType = text.xcconfig; name = "Pods-Data.release.xcconfig"; path = "Target Support Files/Pods-Data/Pods-Data.release.xcconfig"; sourceTree = "<group>"; };
		54B05D14245F2DDD00885711 /* Data.framework */ = {isa = PBXFileReference; explicitFileType = wrapper.framework; includeInIndex = 0; path = Data.framework; sourceTree = BUILT_PRODUCTS_DIR; };
		54B05D17245F2DDD00885711 /* Data.h */ = {isa = PBXFileReference; lastKnownFileType = sourcecode.c.h; path = Data.h; sourceTree = "<group>"; };
		54B05D18245F2DDD00885711 /* Info.plist */ = {isa = PBXFileReference; lastKnownFileType = text.plist.xml; path = Info.plist; sourceTree = "<group>"; };
		54B05D1D245F2DDD00885711 /* DataTests.xctest */ = {isa = PBXFileReference; explicitFileType = wrapper.cfbundle; includeInIndex = 0; path = DataTests.xctest; sourceTree = BUILT_PRODUCTS_DIR; };
		54B05D22245F2DDD00885711 /* DataTests.swift */ = {isa = PBXFileReference; lastKnownFileType = sourcecode.swift; path = DataTests.swift; sourceTree = "<group>"; };
		54B05D24245F2DDD00885711 /* Info.plist */ = {isa = PBXFileReference; lastKnownFileType = text.plist.xml; path = Info.plist; sourceTree = "<group>"; };
		54BF1046247BE2220034082E /* FeedRepository.swift */ = {isa = PBXFileReference; lastKnownFileType = sourcecode.swift; path = FeedRepository.swift; sourceTree = "<group>"; };
		54BF1049247BE2950034082E /* BaseResponse.swift */ = {isa = PBXFileReference; fileEncoding = 4; lastKnownFileType = sourcecode.swift; path = BaseResponse.swift; sourceTree = "<group>"; };
		54BF104B247BE2950034082E /* ShelfListReponse.swift */ = {isa = PBXFileReference; fileEncoding = 4; lastKnownFileType = sourcecode.swift; path = ShelfListReponse.swift; sourceTree = "<group>"; };
		54BF104C247BE2950034082E /* ContentListReponse.swift */ = {isa = PBXFileReference; fileEncoding = 4; lastKnownFileType = sourcecode.swift; path = ContentListReponse.swift; sourceTree = "<group>"; };
		54BF104D247BE2950034082E /* ContentPlayListResponse.swift */ = {isa = PBXFileReference; fileEncoding = 4; lastKnownFileType = sourcecode.swift; path = ContentPlayListResponse.swift; sourceTree = "<group>"; };
		54BF1054247BE4360034082E /* FeedAPI.swift */ = {isa = PBXFileReference; fileEncoding = 4; lastKnownFileType = sourcecode.swift; path = FeedAPI.swift; sourceTree = "<group>"; };
		54BF1057247BE5150034082E /* BaseAPI.swift */ = {isa = PBXFileReference; fileEncoding = 4; lastKnownFileType = sourcecode.swift; path = BaseAPI.swift; sourceTree = "<group>"; };
		54BF105A247BE5210034082E /* ShelfListRequest.swift */ = {isa = PBXFileReference; fileEncoding = 4; lastKnownFileType = sourcecode.swift; path = ShelfListRequest.swift; sourceTree = "<group>"; };
		54BF105D247BE7B10034082E /* UpdateContetViewerUseCase.swift */ = {isa = PBXFileReference; lastKnownFileType = sourcecode.swift; path = UpdateContetViewerUseCase.swift; sourceTree = "<group>"; };
		7106EA0FF8837F05FA5F1428 /* Pods-Data.debug.xcconfig */ = {isa = PBXFileReference; includeInIndex = 1; lastKnownFileType = text.xcconfig; name = "Pods-Data.debug.xcconfig"; path = "Target Support Files/Pods-Data/Pods-Data.debug.xcconfig"; sourceTree = "<group>"; };
		8D976EB1FE559FA0AF1C9302 /* Pods_Data.framework */ = {isa = PBXFileReference; explicitFileType = wrapper.framework; includeInIndex = 0; path = Pods_Data.framework; sourceTree = BUILT_PRODUCTS_DIR; };
/* End PBXFileReference section */

/* Begin PBXFrameworksBuildPhase section */
		54B05D11245F2DDD00885711 /* Frameworks */ = {
			isa = PBXFrameworksBuildPhase;
			buildActionMask = 2147483647;
			files = (
				B5CE8A09948FD4B81B448948 /* Pods_Data.framework in Frameworks */,
			);
			runOnlyForDeploymentPostprocessing = 0;
		};
		54B05D1A245F2DDD00885711 /* Frameworks */ = {
			isa = PBXFrameworksBuildPhase;
			buildActionMask = 2147483647;
			files = (
				54B05D1E245F2DDD00885711 /* Data.framework in Frameworks */,
			);
			runOnlyForDeploymentPostprocessing = 0;
		};
/* End PBXFrameworksBuildPhase section */

/* Begin PBXGroup section */
		54B05D0A245F2DDD00885711 = {
			isa = PBXGroup;
			children = (
				54B05D16245F2DDD00885711 /* Data */,
				54B05D21245F2DDD00885711 /* DataTests */,
				54B05D15245F2DDD00885711 /* Products */,
				A35E9B8DDD053FB8CD0C5772 /* Pods */,
				B0ACFC8062606A2C72CFDCEB /* Frameworks */,
			);
			sourceTree = "<group>";
		};
		54B05D15245F2DDD00885711 /* Products */ = {
			isa = PBXGroup;
			children = (
				54B05D14245F2DDD00885711 /* Data.framework */,
				54B05D1D245F2DDD00885711 /* DataTests.xctest */,
			);
			name = Products;
			sourceTree = "<group>";
		};
		54B05D16245F2DDD00885711 /* Data */ = {
			isa = PBXGroup;
			children = (
				54BF105C247BE7A40034082E /* UseCase */,
				54BF1056247BE4E60034082E /* Service */,
				54BF1052247BE4140034082E /* Provider */,
				54B05DF4246086A600885711 /* Model */,
				54B05DF22460869700885711 /* Repository */,
				54B05DA7245F383400885711 /* Extension */,
				54B05D17245F2DDD00885711 /* Data.h */,
				54B05D18245F2DDD00885711 /* Info.plist */,
			);
			path = Data;
			sourceTree = "<group>";
		};
		54B05D21245F2DDD00885711 /* DataTests */ = {
			isa = PBXGroup;
			children = (
				54B05D22245F2DDD00885711 /* DataTests.swift */,
				54B05D24245F2DDD00885711 /* Info.plist */,
			);
			path = DataTests;
			sourceTree = "<group>";
		};
		54B05DA7245F383400885711 /* Extension */ = {
			isa = PBXGroup;
			children = (
			);
			path = Extension;
			sourceTree = "<group>";
		};
		54B05DF22460869700885711 /* Repository */ = {
			isa = PBXGroup;
			children = (
				54BF1045247BE1A30034082E /* Feed */,
			);
			path = Repository;
			sourceTree = "<group>";
		};
		54B05DF4246086A600885711 /* Model */ = {
			isa = PBXGroup;
			children = (
				54BF1059247BE5210034082E /* Request */,
				54BF1048247BE2510034082E /* Response */,
			);
			path = Model;
			sourceTree = "<group>";
		};
		54BF1045247BE1A30034082E /* Feed */ = {
			isa = PBXGroup;
			children = (
				54BF1046247BE2220034082E /* FeedRepository.swift */,
			);
			path = Feed;
			sourceTree = "<group>";
		};
		54BF1048247BE2510034082E /* Response */ = {
			isa = PBXGroup;
			children = (
				54BF1049247BE2950034082E /* BaseResponse.swift */,
				54BF104A247BE2950034082E /* Feed */,
			);
			path = Response;
			sourceTree = "<group>";
		};
		54BF104A247BE2950034082E /* Feed */ = {
			isa = PBXGroup;
			children = (
				54BF104B247BE2950034082E /* ShelfListReponse.swift */,
				54BF104C247BE2950034082E /* ContentListReponse.swift */,
				54BF104D247BE2950034082E /* ContentPlayListResponse.swift */,
			);
			path = Feed;
			sourceTree = "<group>";
		};
		54BF1052247BE4140034082E /* Provider */ = {
			isa = PBXGroup;
			children = (
				54BF1053247BE41C0034082E /* Moya */,
			);
			path = Provider;
			sourceTree = "<group>";
		};
		54BF1053247BE41C0034082E /* Moya */ = {
			isa = PBXGroup;
			children = (
				54BF1054247BE4360034082E /* FeedAPI.swift */,
			);
			path = Moya;
			sourceTree = "<group>";
		};
		54BF1056247BE4E60034082E /* Service */ = {
			isa = PBXGroup;
			children = (
				54BF1057247BE5150034082E /* BaseAPI.swift */,
			);
			path = Service;
			sourceTree = "<group>";
		};
		54BF1059247BE5210034082E /* Request */ = {
			isa = PBXGroup;
			children = (
				54BF105A247BE5210034082E /* ShelfListRequest.swift */,
			);
			path = Request;
			sourceTree = "<group>";
		};
		54BF105C247BE7A40034082E /* UseCase */ = {
			isa = PBXGroup;
			children = (
				54BF105D247BE7B10034082E /* UpdateContetViewerUseCase.swift */,
			);
			path = UseCase;
			sourceTree = "<group>";
		};
		A35E9B8DDD053FB8CD0C5772 /* Pods */ = {
			isa = PBXGroup;
			children = (
				7106EA0FF8837F05FA5F1428 /* Pods-Data.debug.xcconfig */,
				33A242DB706B624C3D45CBC8 /* Pods-Data.release.xcconfig */,
			);
			name = Pods;
			path = ../../Pods;
			sourceTree = "<group>";
		};
		B0ACFC8062606A2C72CFDCEB /* Frameworks */ = {
			isa = PBXGroup;
			children = (
				8D976EB1FE559FA0AF1C9302 /* Pods_Data.framework */,
			);
			name = Frameworks;
			sourceTree = "<group>";
		};
/* End PBXGroup section */

/* Begin PBXHeadersBuildPhase section */
		54B05D0F245F2DDD00885711 /* Headers */ = {
			isa = PBXHeadersBuildPhase;
			buildActionMask = 2147483647;
			files = (
				54B05D25245F2DDD00885711 /* Data.h in Headers */,
			);
			runOnlyForDeploymentPostprocessing = 0;
		};
/* End PBXHeadersBuildPhase section */

/* Begin PBXNativeTarget section */
		54B05D13245F2DDD00885711 /* Data */ = {
			isa = PBXNativeTarget;
			buildConfigurationList = 54B05D28245F2DDD00885711 /* Build configuration list for PBXNativeTarget "Data" */;
			buildPhases = (
				443B80D854D80162E1BA4382 /* [CP] Check Pods Manifest.lock */,
				54B05D0F245F2DDD00885711 /* Headers */,
				54B05D10245F2DDD00885711 /* Sources */,
				54B05D11245F2DDD00885711 /* Frameworks */,
				54B05D12245F2DDD00885711 /* Resources */,
			);
			buildRules = (
			);
			dependencies = (
			);
			name = Data;
			productName = Data;
			productReference = 54B05D14245F2DDD00885711 /* Data.framework */;
			productType = "com.apple.product-type.framework";
		};
		54B05D1C245F2DDD00885711 /* DataTests */ = {
			isa = PBXNativeTarget;
			buildConfigurationList = 54B05D2B245F2DDD00885711 /* Build configuration list for PBXNativeTarget "DataTests" */;
			buildPhases = (
				54B05D19245F2DDD00885711 /* Sources */,
				54B05D1A245F2DDD00885711 /* Frameworks */,
				54B05D1B245F2DDD00885711 /* Resources */,
			);
			buildRules = (
			);
			dependencies = (
				54B05D20245F2DDD00885711 /* PBXTargetDependency */,
			);
			name = DataTests;
			productName = DataTests;
			productReference = 54B05D1D245F2DDD00885711 /* DataTests.xctest */;
			productType = "com.apple.product-type.bundle.unit-test";
		};
/* End PBXNativeTarget section */

/* Begin PBXProject section */
		54B05D0B245F2DDD00885711 /* Project object */ = {
			isa = PBXProject;
			attributes = {
				LastSwiftUpdateCheck = 1140;
				LastUpgradeCheck = 1140;
				ORGANIZATIONNAME = "Komsit Chusangthong";
				TargetAttributes = {
					54B05D13245F2DDD00885711 = {
						CreatedOnToolsVersion = 11.4.1;
					};
					54B05D1C245F2DDD00885711 = {
						CreatedOnToolsVersion = 11.4.1;
					};
				};
			};
			buildConfigurationList = 54B05D0E245F2DDD00885711 /* Build configuration list for PBXProject "Data" */;
			compatibilityVersion = "Xcode 9.3";
			developmentRegion = en;
			hasScannedForEncodings = 0;
			knownRegions = (
				en,
				Base,
			);
			mainGroup = 54B05D0A245F2DDD00885711;
			productRefGroup = 54B05D15245F2DDD00885711 /* Products */;
			projectDirPath = "";
			projectRoot = "";
			targets = (
				54B05D13245F2DDD00885711 /* Data */,
				54B05D1C245F2DDD00885711 /* DataTests */,
			);
		};
/* End PBXProject section */

/* Begin PBXResourcesBuildPhase section */
		54B05D12245F2DDD00885711 /* Resources */ = {
			isa = PBXResourcesBuildPhase;
			buildActionMask = 2147483647;
			files = (
			);
			runOnlyForDeploymentPostprocessing = 0;
		};
		54B05D1B245F2DDD00885711 /* Resources */ = {
			isa = PBXResourcesBuildPhase;
			buildActionMask = 2147483647;
			files = (
			);
			runOnlyForDeploymentPostprocessing = 0;
		};
/* End PBXResourcesBuildPhase section */

/* Begin PBXShellScriptBuildPhase section */
		443B80D854D80162E1BA4382 /* [CP] Check Pods Manifest.lock */ = {
			isa = PBXShellScriptBuildPhase;
			buildActionMask = 2147483647;
			files = (
			);
			inputFileListPaths = (
			);
			inputPaths = (
				"${PODS_PODFILE_DIR_PATH}/Podfile.lock",
				"${PODS_ROOT}/Manifest.lock",
			);
			name = "[CP] Check Pods Manifest.lock";
			outputFileListPaths = (
			);
			outputPaths = (
				"$(DERIVED_FILE_DIR)/Pods-Data-checkManifestLockResult.txt",
			);
			runOnlyForDeploymentPostprocessing = 0;
			shellPath = /bin/sh;
			shellScript = "diff \"${PODS_PODFILE_DIR_PATH}/Podfile.lock\" \"${PODS_ROOT}/Manifest.lock\" > /dev/null\nif [ $? != 0 ] ; then\n    # print error to STDERR\n    echo \"error: The sandbox is not in sync with the Podfile.lock. Run 'pod install' or update your CocoaPods installation.\" >&2\n    exit 1\nfi\n# This output is used by Xcode 'outputs' to avoid re-running this script phase.\necho \"SUCCESS\" > \"${SCRIPT_OUTPUT_FILE_0}\"\n";
			showEnvVarsInLog = 0;
		};
/* End PBXShellScriptBuildPhase section */

/* Begin PBXSourcesBuildPhase section */
		54B05D10245F2DDD00885711 /* Sources */ = {
			isa = PBXSourcesBuildPhase;
			buildActionMask = 2147483647;
			files = (
				54BF1047247BE2220034082E /* FeedRepository.swift in Sources */,
				54BF104E247BE2950034082E /* BaseResponse.swift in Sources */,
				54BF104F247BE2950034082E /* ShelfListReponse.swift in Sources */,
				54BF1055247BE4360034082E /* FeedAPI.swift in Sources */,
				54BF105E247BE7B10034082E /* UpdateContetViewerUseCase.swift in Sources */,
				54BF1051247BE2950034082E /* ContentPlayListResponse.swift in Sources */,
				54BF105B247BE5210034082E /* ShelfListRequest.swift in Sources */,
				54BF1050247BE2950034082E /* ContentListReponse.swift in Sources */,
				54BF1058247BE5150034082E /* BaseAPI.swift in Sources */,
			);
			runOnlyForDeploymentPostprocessing = 0;
		};
		54B05D19245F2DDD00885711 /* Sources */ = {
			isa = PBXSourcesBuildPhase;
			buildActionMask = 2147483647;
			files = (
				54B05D23245F2DDD00885711 /* DataTests.swift in Sources */,
			);
			runOnlyForDeploymentPostprocessing = 0;
		};
/* End PBXSourcesBuildPhase section */

/* Begin PBXTargetDependency section */
		54B05D20245F2DDD00885711 /* PBXTargetDependency */ = {
			isa = PBXTargetDependency;
			target = 54B05D13245F2DDD00885711 /* Data */;
			targetProxy = 54B05D1F245F2DDD00885711 /* PBXContainerItemProxy */;
		};
/* End PBXTargetDependency section */

/* Begin XCBuildConfiguration section */
		54B05D26245F2DDD00885711 /* Debug */ = {
			isa = XCBuildConfiguration;
			buildSettings = {
				ALWAYS_SEARCH_USER_PATHS = NO;
				CLANG_ANALYZER_NONNULL = YES;
				CLANG_ANALYZER_NUMBER_OBJECT_CONVERSION = YES_AGGRESSIVE;
				CLANG_CXX_LANGUAGE_STANDARD = "gnu++14";
				CLANG_CXX_LIBRARY = "libc++";
				CLANG_ENABLE_MODULES = YES;
				CLANG_ENABLE_OBJC_ARC = YES;
				CLANG_ENABLE_OBJC_WEAK = YES;
				CLANG_WARN_BLOCK_CAPTURE_AUTORELEASING = YES;
				CLANG_WARN_BOOL_CONVERSION = YES;
				CLANG_WARN_COMMA = YES;
				CLANG_WARN_CONSTANT_CONVERSION = YES;
				CLANG_WARN_DEPRECATED_OBJC_IMPLEMENTATIONS = YES;
				CLANG_WARN_DIRECT_OBJC_ISA_USAGE = YES_ERROR;
				CLANG_WARN_DOCUMENTATION_COMMENTS = YES;
				CLANG_WARN_EMPTY_BODY = YES;
				CLANG_WARN_ENUM_CONVERSION = YES;
				CLANG_WARN_INFINITE_RECURSION = YES;
				CLANG_WARN_INT_CONVERSION = YES;
				CLANG_WARN_NON_LITERAL_NULL_CONVERSION = YES;
				CLANG_WARN_OBJC_IMPLICIT_RETAIN_SELF = YES;
				CLANG_WARN_OBJC_LITERAL_CONVERSION = YES;
				CLANG_WARN_OBJC_ROOT_CLASS = YES_ERROR;
				CLANG_WARN_RANGE_LOOP_ANALYSIS = YES;
				CLANG_WARN_STRICT_PROTOTYPES = YES;
				CLANG_WARN_SUSPICIOUS_MOVE = YES;
				CLANG_WARN_UNGUARDED_AVAILABILITY = YES_AGGRESSIVE;
				CLANG_WARN_UNREACHABLE_CODE = YES;
				CLANG_WARN__DUPLICATE_METHOD_MATCH = YES;
				COPY_PHASE_STRIP = NO;
				CURRENT_PROJECT_VERSION = 1;
				DEBUG_INFORMATION_FORMAT = dwarf;
				ENABLE_STRICT_OBJC_MSGSEND = YES;
				ENABLE_TESTABILITY = YES;
				GCC_C_LANGUAGE_STANDARD = gnu11;
				GCC_DYNAMIC_NO_PIC = NO;
				GCC_NO_COMMON_BLOCKS = YES;
				GCC_OPTIMIZATION_LEVEL = 0;
				GCC_PREPROCESSOR_DEFINITIONS = (
					"DEBUG=1",
					"$(inherited)",
				);
				GCC_WARN_64_TO_32_BIT_CONVERSION = YES;
				GCC_WARN_ABOUT_RETURN_TYPE = YES_ERROR;
				GCC_WARN_UNDECLARED_SELECTOR = YES;
				GCC_WARN_UNINITIALIZED_AUTOS = YES_AGGRESSIVE;
				GCC_WARN_UNUSED_FUNCTION = YES;
				GCC_WARN_UNUSED_VARIABLE = YES;
				IPHONEOS_DEPLOYMENT_TARGET = 13.4;
				MTL_ENABLE_DEBUG_INFO = INCLUDE_SOURCE;
				MTL_FAST_MATH = YES;
				ONLY_ACTIVE_ARCH = YES;
				SDKROOT = iphoneos;
				SWIFT_ACTIVE_COMPILATION_CONDITIONS = DEBUG;
				SWIFT_OPTIMIZATION_LEVEL = "-Onone";
				VERSIONING_SYSTEM = "apple-generic";
				VERSION_INFO_PREFIX = "";
			};
			name = Debug;
		};
		54B05D27245F2DDD00885711 /* Release */ = {
			isa = XCBuildConfiguration;
			buildSettings = {
				ALWAYS_SEARCH_USER_PATHS = NO;
				CLANG_ANALYZER_NONNULL = YES;
				CLANG_ANALYZER_NUMBER_OBJECT_CONVERSION = YES_AGGRESSIVE;
				CLANG_CXX_LANGUAGE_STANDARD = "gnu++14";
				CLANG_CXX_LIBRARY = "libc++";
				CLANG_ENABLE_MODULES = YES;
				CLANG_ENABLE_OBJC_ARC = YES;
				CLANG_ENABLE_OBJC_WEAK = YES;
				CLANG_WARN_BLOCK_CAPTURE_AUTORELEASING = YES;
				CLANG_WARN_BOOL_CONVERSION = YES;
				CLANG_WARN_COMMA = YES;
				CLANG_WARN_CONSTANT_CONVERSION = YES;
				CLANG_WARN_DEPRECATED_OBJC_IMPLEMENTATIONS = YES;
				CLANG_WARN_DIRECT_OBJC_ISA_USAGE = YES_ERROR;
				CLANG_WARN_DOCUMENTATION_COMMENTS = YES;
				CLANG_WARN_EMPTY_BODY = YES;
				CLANG_WARN_ENUM_CONVERSION = YES;
				CLANG_WARN_INFINITE_RECURSION = YES;
				CLANG_WARN_INT_CONVERSION = YES;
				CLANG_WARN_NON_LITERAL_NULL_CONVERSION = YES;
				CLANG_WARN_OBJC_IMPLICIT_RETAIN_SELF = YES;
				CLANG_WARN_OBJC_LITERAL_CONVERSION = YES;
				CLANG_WARN_OBJC_ROOT_CLASS = YES_ERROR;
				CLANG_WARN_RANGE_LOOP_ANALYSIS = YES;
				CLANG_WARN_STRICT_PROTOTYPES = YES;
				CLANG_WARN_SUSPICIOUS_MOVE = YES;
				CLANG_WARN_UNGUARDED_AVAILABILITY = YES_AGGRESSIVE;
				CLANG_WARN_UNREACHABLE_CODE = YES;
				CLANG_WARN__DUPLICATE_METHOD_MATCH = YES;
				COPY_PHASE_STRIP = NO;
				CURRENT_PROJECT_VERSION = 1;
				DEBUG_INFORMATION_FORMAT = "dwarf-with-dsym";
				ENABLE_NS_ASSERTIONS = NO;
				ENABLE_STRICT_OBJC_MSGSEND = YES;
				GCC_C_LANGUAGE_STANDARD = gnu11;
				GCC_NO_COMMON_BLOCKS = YES;
				GCC_WARN_64_TO_32_BIT_CONVERSION = YES;
				GCC_WARN_ABOUT_RETURN_TYPE = YES_ERROR;
				GCC_WARN_UNDECLARED_SELECTOR = YES;
				GCC_WARN_UNINITIALIZED_AUTOS = YES_AGGRESSIVE;
				GCC_WARN_UNUSED_FUNCTION = YES;
				GCC_WARN_UNUSED_VARIABLE = YES;
				IPHONEOS_DEPLOYMENT_TARGET = 13.4;
				MTL_ENABLE_DEBUG_INFO = NO;
				MTL_FAST_MATH = YES;
				SDKROOT = iphoneos;
				SWIFT_COMPILATION_MODE = wholemodule;
				SWIFT_OPTIMIZATION_LEVEL = "-O";
				VALIDATE_PRODUCT = YES;
				VERSIONING_SYSTEM = "apple-generic";
				VERSION_INFO_PREFIX = "";
			};
			name = Release;
		};
		54B05D29245F2DDD00885711 /* Debug */ = {
			isa = XCBuildConfiguration;
			baseConfigurationReference = 7106EA0FF8837F05FA5F1428 /* Pods-Data.debug.xcconfig */;
			buildSettings = {
				CODE_SIGN_STYLE = Automatic;
				DEFINES_MODULE = YES;
				DEVELOPMENT_TEAM = CZS5M9529T;
				DYLIB_COMPATIBILITY_VERSION = 1;
				DYLIB_CURRENT_VERSION = 1;
				DYLIB_INSTALL_NAME_BASE = "@rpath";
				INFOPLIST_FILE = Data/Info.plist;
				INSTALL_PATH = "$(LOCAL_LIBRARY_DIR)/Frameworks";
				IPHONEOS_DEPLOYMENT_TARGET = 11.0;
				LD_RUNPATH_SEARCH_PATHS = (
					"$(inherited)",
					"@executable_path/Frameworks",
					"@loader_path/Frameworks",
				);
				PRODUCT_BUNDLE_IDENTIFIER = com.komsit.ghostnight.Data;
				PRODUCT_NAME = "$(TARGET_NAME:c99extidentifier)";
				SKIP_INSTALL = YES;
				SUPPORTS_MACCATALYST = NO;
				SWIFT_VERSION = 5.0;
				TARGETED_DEVICE_FAMILY = "1,2";
			};
			name = Debug;
		};
		54B05D2A245F2DDD00885711 /* Release */ = {
			isa = XCBuildConfiguration;
			baseConfigurationReference = 33A242DB706B624C3D45CBC8 /* Pods-Data.release.xcconfig */;
			buildSettings = {
				CODE_SIGN_STYLE = Automatic;
				DEFINES_MODULE = YES;
				DEVELOPMENT_TEAM = CZS5M9529T;
				DYLIB_COMPATIBILITY_VERSION = 1;
				DYLIB_CURRENT_VERSION = 1;
				DYLIB_INSTALL_NAME_BASE = "@rpath";
				INFOPLIST_FILE = Data/Info.plist;
				INSTALL_PATH = "$(LOCAL_LIBRARY_DIR)/Frameworks";
				IPHONEOS_DEPLOYMENT_TARGET = 11.0;
				LD_RUNPATH_SEARCH_PATHS = (
					"$(inherited)",
					"@executable_path/Frameworks",
					"@loader_path/Frameworks",
				);
				PRODUCT_BUNDLE_IDENTIFIER = com.komsit.ghostnight.Data;
				PRODUCT_NAME = "$(TARGET_NAME:c99extidentifier)";
				SKIP_INSTALL = YES;
				SUPPORTS_MACCATALYST = NO;
				SWIFT_VERSION = 5.0;
				TARGETED_DEVICE_FAMILY = "1,2";
			};
			name = Release;
		};
		54B05D2C245F2DDD00885711 /* Debug */ = {
			isa = XCBuildConfiguration;
			buildSettings = {
				ALWAYS_EMBED_SWIFT_STANDARD_LIBRARIES = YES;
				CODE_SIGN_STYLE = Automatic;
				DEVELOPMENT_TEAM = CZS5M9529T;
				INFOPLIST_FILE = DataTests/Info.plist;
				LD_RUNPATH_SEARCH_PATHS = (
					"$(inherited)",
					"@executable_path/Frameworks",
					"@loader_path/Frameworks",
				);
				PRODUCT_BUNDLE_IDENTIFIER = com.komsit.ghostnight.DataTests;
				PRODUCT_NAME = "$(TARGET_NAME)";
				SWIFT_VERSION = 5.0;
				TARGETED_DEVICE_FAMILY = "1,2";
			};
			name = Debug;
		};
		54B05D2D245F2DDD00885711 /* Release */ = {
			isa = XCBuildConfiguration;
			buildSettings = {
				ALWAYS_EMBED_SWIFT_STANDARD_LIBRARIES = YES;
				CODE_SIGN_STYLE = Automatic;
				DEVELOPMENT_TEAM = CZS5M9529T;
				INFOPLIST_FILE = DataTests/Info.plist;
				LD_RUNPATH_SEARCH_PATHS = (
					"$(inherited)",
					"@executable_path/Frameworks",
					"@loader_path/Frameworks",
				);
				PRODUCT_BUNDLE_IDENTIFIER = com.komsit.ghostnight.DataTests;
				PRODUCT_NAME = "$(TARGET_NAME)";
				SWIFT_VERSION = 5.0;
				TARGETED_DEVICE_FAMILY = "1,2";
			};
			name = Release;
		};
/* End XCBuildConfiguration section */

/* Begin XCConfigurationList section */
		54B05D0E245F2DDD00885711 /* Build configuration list for PBXProject "Data" */ = {
			isa = XCConfigurationList;
			buildConfigurations = (
				54B05D26245F2DDD00885711 /* Debug */,
				54B05D27245F2DDD00885711 /* Release */,
			);
			defaultConfigurationIsVisible = 0;
			defaultConfigurationName = Release;
		};
		54B05D28245F2DDD00885711 /* Build configuration list for PBXNativeTarget "Data" */ = {
			isa = XCConfigurationList;
			buildConfigurations = (
				54B05D29245F2DDD00885711 /* Debug */,
				54B05D2A245F2DDD00885711 /* Release */,
			);
			defaultConfigurationIsVisible = 0;
			defaultConfigurationName = Release;
		};
		54B05D2B245F2DDD00885711 /* Build configuration list for PBXNativeTarget "DataTests" */ = {
			isa = XCConfigurationList;
			buildConfigurations = (
				54B05D2C245F2DDD00885711 /* Debug */,
				54B05D2D245F2DDD00885711 /* Release */,
			);
			defaultConfigurationIsVisible = 0;
			defaultConfigurationName = Release;
		};
/* End XCConfigurationList section */
	};
	rootObject = 54B05D0B245F2DDD00885711 /* Project object */;
}
